
Microsoft Visual Studio Solution File, Format Version 12.00
# Visual Studio Version 17
VisualStudioVersion = 17.14.36811.4
MinimumVisualStudioVersion = 10.0.40219.1
Project("{2150E333-8FDC-42A3-9474-1A3956D46DE8}") = "8_TestabilityAndDecoupling", "8_TestabilityAndDecoupling", "{AFC34837-0032-FC1C-B756-F24A71EC22D0}"
EndProject
Project("{FAE04EC0-301F-11D3-BF4B-00C04F79EFBC}") = "TestabilityAndDecoupling", "8_TestabilityAndDecoupling\TestabilityAndDecoupling\TestabilityAndDecoupling.csproj", "{ABE362AB-4E9C-47A8-8978-E571983AB7A8}"
EndProject
Project("{FAE04EC0-301F-11D3-BF4B-00C04F79EFBC}") = "TestabilityAndDecoupling.Test", "8_TestabilityAndDecoupling\TestabilityAndDecoupling.Test\TestabilityAndDecoupling.Test.csproj", "{0E826AED-2F26-4730-9911-51724EB18D0F}"
EndProject
Project("{2150E333-8FDC-42A3-9474-1A3956D46DE8}") = "9_PerformanceOptimization", "9_PerformanceOptimization", "{E1BD23F6-7595-4515-CD98-9258CD87FD80}"
EndProject
Project("{FAE04EC0-301F-11D3-BF4B-00C04F79EFBC}") = "PerformanceOptimization", "9_PerformanceOptimization\PerformanceOptimization\PerformanceOptimization.csproj", "{2DA5BC9F-AE5E-43F9-BAD7-0548CA71808F}"
EndProject
Project("{2150E333-8FDC-42A3-9474-1A3956D46DE8}") = "1_InDepthAnalysisOfDP", "1_InDepthAnalysisOfDP", "{9AB9D455-E2AB-4858-4691-E8FC34F52FC4}"
EndProject
Project("{FAE04EC0-301F-11D3-BF4B-00C04F79EFBC}") = "InDepthAnalysisOfDP", "1_InDepthAnalysisOfDP\InDepthAnalysisOfDP.csproj", "{4EE9C74E-50E9-446E-AC44-E760A1644BE6}"
EndProject
Project("{2150E333-8FDC-42A3-9474-1A3956D46DE8}") = "2_APAndBehaviorSystem", "2_APAndBehaviorSystem", "{EB21E2CA-EEDE-CCA4-E67B-96509096D843}"
EndProject
Project("{FAE04EC0-301F-11D3-BF4B-00C04F79EFBC}") = "APAndBehaviorSystem", "2_APAndBehaviorSystem\APAndBehaviorSystem.csproj", "{5423EB9E-6896-4D74-B055-3AC2A3D7E387}"
EndProject
Project("{2150E333-8FDC-42A3-9474-1A3956D46DE8}") = "3_RoutedEventDemo", "3_RoutedEventDemo", "{BFB7AB55-84FD-3201-787E-6D66104A08B7}"
EndProject
Project("{FAE04EC0-301F-11D3-BF4B-00C04F79EFBC}") = "RoutedEventDemo", "3_RoutedEventDemo\RoutedEventDemo.csproj", "{60E9DEE5-18FC-4A03-B78A-458287C2280A}"
EndProject
Project("{2150E333-8FDC-42A3-9474-1A3956D46DE8}") = "4_LayoutSystemDemo", "4_LayoutSystemDemo", "{4CDF3FD4-64E1-2EFB-8870-38B4302EC5E1}"
EndProject
Project("{FAE04EC0-301F-11D3-BF4B-00C04F79EFBC}") = "LayoutSystemDemo", "4_LayoutSystemDemo\LayoutSystemDemo\LayoutSystemDemo.csproj", "{A91B3F82-304A-4E4F-AE97-178B4D852C9A}"
EndProject
Project("{2150E333-8FDC-42A3-9474-1A3956D46DE8}") = "5_ControlTemplateAndStyleSystem", "5_ControlTemplateAndStyleSystem", "{98313245-C4F3-0851-A051-F92DF13B0EC8}"
EndProject
Project("{FAE04EC0-301F-11D3-BF4B-00C04F79EFBC}") = "ControlTemplateAndStyleSystem", "5_ControlTemplateAndStyleSystem\ControlTemplateAndStyleSystem\ControlTemplateAndStyleSystem.csproj", "{65376282-DBE1-48C3-8EAD-1C5389466FF9}"
EndProject
Global
	GlobalSection(SolutionConfigurationPlatforms) = preSolution
		Debug|Any CPU = Debug|Any CPU
		Debug|x64 = Debug|x64
		Debug|x86 = Debug|x86
		Release|Any CPU = Release|Any CPU
		Release|x64 = Release|x64
		Release|x86 = Release|x86
	EndGlobalSection
	GlobalSection(ProjectConfigurationPlatforms) = postSolution
		{ABE362AB-4E9C-47A8-8978-E571983AB7A8}.Debug|Any CPU.ActiveCfg = Debug|Any CPU
		{ABE362AB-4E9C-47A8-8978-E571983AB7A8}.Debug|Any CPU.Build.0 = Debug|Any CPU
		{ABE362AB-4E9C-47A8-8978-E571983AB7A8}.Debug|x64.ActiveCfg = Debug|Any CPU
		{ABE362AB-4E9C-47A8-8978-E571983AB7A8}.Debug|x64.Build.0 = Debug|Any CPU
		{ABE362AB-4E9C-47A8-8978-E571983AB7A8}.Debug|x86.ActiveCfg = Debug|Any CPU
		{ABE362AB-4E9C-47A8-8978-E571983AB7A8}.Debug|x86.Build.0 = Debug|Any CPU
		{ABE362AB-4E9C-47A8-8978-E571983AB7A8}.Release|Any CPU.ActiveCfg = Release|Any CPU
		{ABE362AB-4E9C-47A8-8978-E571983AB7A8}.Release|Any CPU.Build.0 = Release|Any CPU
		{ABE362AB-4E9C-47A8-8978-E571983AB7A8}.Release|x64.ActiveCfg = Release|Any CPU
		{ABE362AB-4E9C-47A8-8978-E571983AB7A8}.Release|x64.Build.0 = Release|Any CPU
		{ABE362AB-4E9C-47A8-8978-E571983AB7A8}.Release|x86.ActiveCfg = Release|Any CPU
		{ABE362AB-4E9C-47A8-8978-E571983AB7A8}.Release|x86.Build.0 = Release|Any CPU
		{0E826AED-2F26-4730-9911-51724EB18D0F}.Debug|Any CPU.ActiveCfg = Debug|Any CPU
		{0E826AED-2F26-4730-9911-51724EB18D0F}.Debug|Any CPU.Build.0 = Debug|Any CPU
		{0E826AED-2F26-4730-9911-51724EB18D0F}.Debug|x64.ActiveCfg = Debug|Any CPU
		{0E826AED-2F26-4730-9911-51724EB18D0F}.Debug|x64.Build.0 = Debug|Any CPU
		{0E826AED-2F26-4730-9911-51724EB18D0F}.Debug|x86.ActiveCfg = Debug|Any CPU
		{0E826AED-2F26-4730-9911-51724EB18D0F}.Debug|x86.Build.0 = Debug|Any CPU
		{0E826AED-2F26-4730-9911-51724EB18D0F}.Release|Any CPU.ActiveCfg = Release|Any CPU
		{0E826AED-2F26-4730-9911-51724EB18D0F}.Release|Any CPU.Build.0 = Release|Any CPU
		{0E826AED-2F26-4730-9911-51724EB18D0F}.Release|x64.ActiveCfg = Release|Any CPU
		{0E826AED-2F26-4730-9911-51724EB18D0F}.Release|x64.Build.0 = Release|Any CPU
		{0E826AED-2F26-4730-9911-51724EB18D0F}.Release|x86.ActiveCfg = Release|Any CPU
		{0E826AED-2F26-4730-9911-51724EB18D0F}.Release|x86.Build.0 = Release|Any CPU
		{2DA5BC9F-AE5E-43F9-BAD7-0548CA71808F}.Debug|Any CPU.ActiveCfg = Debug|Any CPU
		{2DA5BC9F-AE5E-43F9-BAD7-0548CA71808F}.Debug|Any CPU.Build.0 = Debug|Any CPU
		{2DA5BC9F-AE5E-43F9-BAD7-0548CA71808F}.Debug|x64.ActiveCfg = Debug|Any CPU
		{2DA5BC9F-AE5E-43F9-BAD7-0548CA71808F}.Debug|x64.Build.0 = Debug|Any CPU
		{2DA5BC9F-AE5E-43F9-BAD7-0548CA71808F}.Debug|x86.ActiveCfg = Debug|Any CPU
		{2DA5BC9F-AE5E-43F9-BAD7-0548CA71808F}.Debug|x86.Build.0 = Debug|Any CPU
		{2DA5BC9F-AE5E-43F9-BAD7-0548CA71808F}.Release|Any CPU.ActiveCfg = Release|Any CPU
		{2DA5BC9F-AE5E-43F9-BAD7-0548CA71808F}.Release|Any CPU.Build.0 = Release|Any CPU
		{2DA5BC9F-AE5E-43F9-BAD7-0548CA71808F}.Release|x64.ActiveCfg = Release|Any CPU
		{2DA5BC9F-AE5E-43F9-BAD7-0548CA71808F}.Release|x64.Build.0 = Release|Any CPU
		{2DA5BC9F-AE5E-43F9-BAD7-0548CA71808F}.Release|x86.ActiveCfg = Release|Any CPU
		{2DA5BC9F-AE5E-43F9-BAD7-0548CA71808F}.Release|x86.Build.0 = Release|Any CPU
		{4EE9C74E-50E9-446E-AC44-E760A1644BE6}.Debug|Any CPU.ActiveCfg = Debug|Any CPU
		{4EE9C74E-50E9-446E-AC44-E760A1644BE6}.Debug|Any CPU.Build.0 = Debug|Any CPU
		{4EE9C74E-50E9-446E-AC44-E760A1644BE6}.Debug|x64.ActiveCfg = Debug|Any CPU
		{4EE9C74E-50E9-446E-AC44-E760A1644BE6}.Debug|x64.Build.0 = Debug|Any CPU
		{4EE9C74E-50E9-446E-AC44-E760A1644BE6}.Debug|x86.ActiveCfg = Debug|Any CPU
		{4EE9C74E-50E9-446E-AC44-E760A1644BE6}.Debug|x86.Build.0 = Debug|Any CPU
		{4EE9C74E-50E9-446E-AC44-E760A1644BE6}.Release|Any CPU.ActiveCfg = Release|Any CPU
		{4EE9C74E-50E9-446E-AC44-E760A1644BE6}.Release|Any CPU.Build.0 = Release|Any CPU
		{4EE9C74E-50E9-446E-AC44-E760A1644BE6}.Release|x64.ActiveCfg = Release|Any CPU
		{4EE9C74E-50E9-446E-AC44-E760A1644BE6}.Release|x64.Build.0 = Release|Any CPU
		{4EE9C74E-50E9-446E-AC44-E760A1644BE6}.Release|x86.ActiveCfg = Release|Any CPU
		{4EE9C74E-50E9-446E-AC44-E760A1644BE6}.Release|x86.Build.0 = Release|Any CPU
		{5423EB9E-6896-4D74-B055-3AC2A3D7E387}.Debug|Any CPU.ActiveCfg = Debug|Any CPU
		{5423EB9E-6896-4D74-B055-3AC2A3D7E387}.Debug|Any CPU.Build.0 = Debug|Any CPU
		{5423EB9E-6896-4D74-B055-3AC2A3D7E387}.Debug|x64.ActiveCfg = Debug|Any CPU
		{5423EB9E-6896-4D74-B055-3AC2A3D7E387}.Debug|x64.Build.0 = Debug|Any CPU
		{5423EB9E-6896-4D74-B055-3AC2A3D7E387}.Debug|x86.ActiveCfg = Debug|Any CPU
		{5423EB9E-6896-4D74-B055-3AC2A3D7E387}.Debug|x86.Build.0 = Debug|Any CPU
		{5423EB9E-6896-4D74-B055-3AC2A3D7E387}.Release|Any CPU.ActiveCfg = Release|Any CPU
		{5423EB9E-6896-4D74-B055-3AC2A3D7E387}.Release|Any CPU.Build.0 = Release|Any CPU
		{5423EB9E-6896-4D74-B055-3AC2A3D7E387}.Release|x64.ActiveCfg = Release|Any CPU
		{5423EB9E-6896-4D74-B055-3AC2A3D7E387}.Release|x64.Build.0 = Release|Any CPU
		{5423EB9E-6896-4D74-B055-3AC2A3D7E387}.Release|x86.ActiveCfg = Release|Any CPU
		{5423EB9E-6896-4D74-B055-3AC2A3D7E387}.Release|x86.Build.0 = Release|Any CPU
		{60E9DEE5-18FC-4A03-B78A-458287C2280A}.Debug|Any CPU.ActiveCfg = Debug|Any CPU
		{60E9DEE5-18FC-4A03-B78A-458287C2280A}.Debug|Any CPU.Build.0 = Debug|Any CPU
		{60E9DEE5-18FC-4A03-B78A-458287C2280A}.Debug|x64.ActiveCfg = Debug|Any CPU
		{60E9DEE5-18FC-4A03-B78A-458287C2280A}.Debug|x64.Build.0 = Debug|Any CPU
		{60E9DEE5-18FC-4A03-B78A-458287C2280A}.Debug|x86.ActiveCfg = Debug|Any CPU
		{60E9DEE5-18FC-4A03-B78A-458287C2280A}.Debug|x86.Build.0 = Debug|Any CPU
		{60E9DEE5-18FC-4A03-B78A-458287C2280A}.Release|Any CPU.ActiveCfg = Release|Any CPU
		{60E9DEE5-18FC-4A03-B78A-458287C2280A}.Release|Any CPU.Build.0 = Release|Any CPU
		{60E9DEE5-18FC-4A03-B78A-458287C2280A}.Release|x64.ActiveCfg = Release|Any CPU
		{60E9DEE5-18FC-4A03-B78A-458287C2280A}.Release|x64.Build.0 = Release|Any CPU
		{60E9DEE5-18FC-4A03-B78A-458287C2280A}.Release|x86.ActiveCfg = Release|Any CPU
		{60E9DEE5-18FC-4A03-B78A-458287C2280A}.Release|x86.Build.0 = Release|Any CPU
		{A91B3F82-304A-4E4F-AE97-178B4D852C9A}.Debug|Any CPU.ActiveCfg = Debug|Any CPU
		{A91B3F82-304A-4E4F-AE97-178B4D852C9A}.Debug|Any CPU.Build.0 = Debug|Any CPU
		{A91B3F82-304A-4E4F-AE97-178B4D852C9A}.Debug|x64.ActiveCfg = Debug|Any CPU
		{A91B3F82-304A-4E4F-AE97-178B4D852C9A}.Debug|x64.Build.0 = Debug|Any CPU
		{A91B3F82-304A-4E4F-AE97-178B4D852C9A}.Debug|x86.ActiveCfg = Debug|Any CPU
		{A91B3F82-304A-4E4F-AE97-178B4D852C9A}.Debug|x86.Build.0 = Debug|Any CPU
		{A91B3F82-304A-4E4F-AE97-178B4D852C9A}.Release|Any CPU.ActiveCfg = Release|Any CPU
		{A91B3F82-304A-4E4F-AE97-178B4D852C9A}.Release|Any CPU.Build.0 = Release|Any CPU
		{A91B3F82-304A-4E4F-AE97-178B4D852C9A}.Release|x64.ActiveCfg = Release|Any CPU
		{A91B3F82-304A-4E4F-AE97-178B4D852C9A}.Release|x64.Build.0 = Release|Any CPU
		{A91B3F82-304A-4E4F-AE97-178B4D852C9A}.Release|x86.ActiveCfg = Release|Any CPU
		{A91B3F82-304A-4E4F-AE97-178B4D852C9A}.Release|x86.Build.0 = Release|Any CPU
		{65376282-DBE1-48C3-8EAD-1C5389466FF9}.Debug|Any CPU.ActiveCfg = Debug|Any CPU
		{65376282-DBE1-48C3-8EAD-1C5389466FF9}.Debug|Any CPU.Build.0 = Debug|Any CPU
		{65376282-DBE1-48C3-8EAD-1C5389466FF9}.Debug|x64.ActiveCfg = Debug|Any CPU
		{65376282-DBE1-48C3-8EAD-1C5389466FF9}.Debug|x64.Build.0 = Debug|Any CPU
		{65376282-DBE1-48C3-8EAD-1C5389466FF9}.Debug|x86.ActiveCfg = Debug|Any CPU
		{65376282-DBE1-48C3-8EAD-1C5389466FF9}.Debug|x86.Build.0 = Debug|Any CPU
		{65376282-DBE1-48C3-8EAD-1C5389466FF9}.Release|Any CPU.ActiveCfg = Release|Any CPU
		{65376282-DBE1-48C3-8EAD-1C5389466FF9}.Release|Any CPU.Build.0 = Release|Any CPU
		{65376282-DBE1-48C3-8EAD-1C5389466FF9}.Release|x64.ActiveCfg = Release|Any CPU
		{65376282-DBE1-48C3-8EAD-1C5389466FF9}.Release|x64.Build.0 = Release|Any CPU
		{65376282-DBE1-48C3-8EAD-1C5389466FF9}.Release|x86.ActiveCfg = Release|Any CPU
		{65376282-DBE1-48C3-8EAD-1C5389466FF9}.Release|x86.Build.0 = Release|Any CPU
	EndGlobalSection
	GlobalSection(SolutionProperties) = preSolution
		HideSolutionNode = FALSE
	EndGlobalSection
	GlobalSection(NestedProjects) = preSolution
		{ABE362AB-4E9C-47A8-8978-E571983AB7A8} = {AFC34837-0032-FC1C-B756-F24A71EC22D0}
		{0E826AED-2F26-4730-9911-51724EB18D0F} = {AFC34837-0032-FC1C-B756-F24A71EC22D0}
		{2DA5BC9F-AE5E-43F9-BAD7-0548CA71808F} = {E1BD23F6-7595-4515-CD98-9258CD87FD80}
		{4EE9C74E-50E9-446E-AC44-E760A1644BE6} = {9AB9D455-E2AB-4858-4691-E8FC34F52FC4}
		{5423EB9E-6896-4D74-B055-3AC2A3D7E387} = {EB21E2CA-EEDE-CCA4-E67B-96509096D843}
		{60E9DEE5-18FC-4A03-B78A-458287C2280A} = {BFB7AB55-84FD-3201-787E-6D66104A08B7}
		{A91B3F82-304A-4E4F-AE97-178B4D852C9A} = {4CDF3FD4-64E1-2EFB-8870-38B4302EC5E1}
		{65376282-DBE1-48C3-8EAD-1C5389466FF9} = {98313245-C4F3-0851-A051-F92DF13B0EC8}
	EndGlobalSection
	GlobalSection(ExtensibilityGlobals) = postSolution
		SolutionGuid = {79C74E73-65E2-48F7-8F72-A895CCF319A9}
	EndGlobalSection
EndGlobal
